// !$*UTF8*$!
{
	archiveVersion = 1;
	classes = {
	};
	objectVersion = 46;
	objects = {

/* Begin PBXBuildFile section */
		215941861AAE931900D16C6B /* main.m in Sources */ = {isa = PBXBuildFile; fileRef = 215941851AAE931900D16C6B /* main.m */; };
		215941891AAE931900D16C6B /* AppDelegate.m in Sources */ = {isa = PBXBuildFile; fileRef = 215941881AAE931900D16C6B /* AppDelegate.m */; };
		2159418C1AAE931900D16C6B /* ViewController.m in Sources */ = {isa = PBXBuildFile; fileRef = 2159418B1AAE931900D16C6B /* ViewController.m */; };
		2159418F1AAE931900D16C6B /* Main.storyboard in Resources */ = {isa = PBXBuildFile; fileRef = 2159418D1AAE931900D16C6B /* Main.storyboard */; };
		215941911AAE931900D16C6B /* Images.xcassets in Resources */ = {isa = PBXBuildFile; fileRef = 215941901AAE931900D16C6B /* Images.xcassets */; };
		215941941AAE931900D16C6B /* LaunchScreen.xib in Resources */ = {isa = PBXBuildFile; fileRef = 215941921AAE931900D16C6B /* LaunchScreen.xib */; };
		215941A01AAE931900D16C6B /* hello2Tests.m in Sources */ = {isa = PBXBuildFile; fileRef = 2159419F1AAE931900D16C6B /* hello2Tests.m */; };
/* End PBXBuildFile section */

/* Begin PBXContainerItemProxy section */
		2159419A1AAE931900D16C6B /* PBXContainerItemProxy */ = {
			isa = PBXContainerItemProxy;
			containerPortal = 215941781AAE931900D16C6B /* Project object */;
			proxyType = 1;
			remoteGlobalIDString = 2159417F1AAE931900D16C6B;
			remoteInfo = hello2;
		};
/* End PBXContainerItemProxy section */

/* Begin PBXFileReference section */
		215941801AAE931900D16C6B /* hello2.app */ = {isa = PBXFileReference; explicitFileType = wrapper.application; includeInIndex = 0; path = hello2.app; sourceTree = BUILT_PRODUCTS_DIR; };
		215941841AAE931900D16C6B /* Info.plist */ = {isa = PBXFileReference; lastKnownFileType = text.plist.xml; path = Info.plist; sourceTree = "<group>"; };
		215941851AAE931900D16C6B /* main.m */ = {isa = PBXFileReference; lastKnownFileType = sourcecode.c.objc; path = main.m; sourceTree = "<group>"; };
		215941871AAE931900D16C6B /* AppDelegate.h */ = {isa = PBXFileReference; lastKnownFileType = sourcecode.c.h; path = AppDelegate.h; sourceTree = "<group>"; };
		215941881AAE931900D16C6B /* AppDelegate.m */ = {isa = PBXFileReference; lastKnownFileType = sourcecode.c.objc; path = AppDelegate.m; sourceTree = "<group>"; };
		2159418A1AAE931900D16C6B /* ViewController.h */ = {isa = PBXFileReference; lastKnownFileType = sourcecode.c.h; path = ViewController.h; sourceTree = "<group>"; };
		2159418B1AAE931900D16C6B /* ViewController.m */ = {isa = PBXFileReference; lastKnownFileType = sourcecode.c.objc; path = ViewController.m; sourceTree = "<group>"; };
		2159418E1AAE931900D16C6B /* Base */ = {isa = PBXFileReference; lastKnownFileType = file.storyboard; name = Base; path = Base.lproj/Main.storyboard; sourceTree = "<group>"; };
		215941901AAE931900D16C6B /* Images.xcassets */ = {isa = PBXFileReference; lastKnownFileType = folder.assetcatalog; path = Images.xcassets; sourceTree = "<group>"; };
		215941931AAE931900D16C6B /* Base */ = {isa = PBXFileReference; lastKnownFileType = file.xib; name = Base; path = Base.lproj/LaunchScreen.xib; sourceTree = "<group>"; };
		215941991AAE931900D16C6B /* hello2Tests.xctest */ = {isa = PBXFileReference; explicitFileType = wrapper.cfbundle; includeInIndex = 0; path = hello2Tests.xctest; sourceTree = BUILT_PRODUCTS_DIR; };
		2159419E1AAE931900D16C6B /* Info.plist */ = {isa = PBXFileReference; lastKnownFileType = text.plist.xml; path = Info.plist; sourceTree = "<group>"; };
		2159419F1AAE931900D16C6B /* hello2Tests.m */ = {isa = PBXFileReference; lastKnownFileType = sourcecode.c.objc; path = hello2Tests.m; sourceTree = "<group>"; };
/* End PBXFileReference section */

/* Begin PBXFrameworksBuildPhase section */
		2159417D1AAE931900D16C6B /* Frameworks */ = {
			isa = PBXFrameworksBuildPhase;
			buildActionMask = 2147483647;
			files = (
			);
			runOnlyForDeploymentPostprocessing = 0;
		};
		215941961AAE931900D16C6B /* Frameworks */ = {
			isa = PBXFrameworksBuildPhase;
			buildActionMask = 2147483647;
			files = (
			);
			runOnlyForDeploymentPostprocessing = 0;
		};
/* End PBXFrameworksBuildPhase section */

/* Begin PBXGroup section */
		215941771AAE931900D16C6B = {
			isa = PBXGroup;
			children = (
				215941821AAE931900D16C6B /* hello2 */,
				2159419C1AAE931900D16C6B /* hello2Tests */,
				215941811AAE931900D16C6B /* Products */,
			);
			sourceTree = "<group>";
		};
		215941811AAE931900D16C6B /* Products */ = {
			isa = PBXGroup;
			children = (
				215941801AAE931900D16C6B /* hello2.app */,
				215941991AAE931900D16C6B /* hello2Tests.xctest */,
			);
			name = Products;
			sourceTree = "<group>";
		};
		215941821AAE931900D16C6B /* hello2 */ = {
			isa = PBXGroup;
			children = (
				215941871AAE931900D16C6B /* AppDelegate.h */,
				215941881AAE931900D16C6B /* AppDelegate.m */,
				2159418A1AAE931900D16C6B /* ViewController.h */,
				2159418B1AAE931900D16C6B /* ViewController.m */,
				2159418D1AAE931900D16C6B /* Main.storyboard */,
				215941901AAE931900D16C6B /* Images.xcassets */,
				215941921AAE931900D16C6B /* LaunchScreen.xib */,
				215941831AAE931900D16C6B /* Supporting Files */,
			);
			path = hello2;
			sourceTree = "<group>";
		};
		215941831AAE931900D16C6B /* Supporting Files */ = {
			isa = PBXGroup;
			children = (
				215941841AAE931900D16C6B /* Info.plist */,
				215941851AAE931900D16C6B /* main.m */,
			);
			name = "Supporting Files";
			sourceTree = "<group>";
		};
		2159419C1AAE931900D16C6B /* hello2Tests */ = {
			isa = PBXGroup;
			children = (
				2159419F1AAE931900D16C6B /* hello2Tests.m */,
				2159419D1AAE931900D16C6B /* Supporting Files */,
			);
			path = hello2Tests;
			sourceTree = "<group>";
		};
		2159419D1AAE931900D16C6B /* Supporting Files */ = {
			isa = PBXGroup;
			children = (
				2159419E1AAE931900D16C6B /* Info.plist */,
			);
			name = "Supporting Files";
			sourceTree = "<group>";
		};
/* End PBXGroup section */

/* Begin PBXNativeTarget section */
		2159417F1AAE931900D16C6B /* hello2 */ = {
			isa = PBXNativeTarget;
			buildConfigurationList = 215941A31AAE931900D16C6B /* Build configuration list for PBXNativeTarget "hello2" */;
			buildPhases = (
				2159417C1AAE931900D16C6B /* Sources */,
				2159417D1AAE931900D16C6B /* Frameworks */,
				2159417E1AAE931900D16C6B /* Resources */,
			);
			buildRules = (
			);
			dependencies = (
			);
			name = hello2;
			productName = hello2;
			productReference = 215941801AAE931900D16C6B /* hello2.app */;
			productType = "com.apple.product-type.application";
		};
		215941981AAE931900D16C6B /* hello2Tests */ = {
			isa = PBXNativeTarget;
			buildConfigurationList = 215941A61AAE931900D16C6B /* Build configuration list for PBXNativeTarget "hello2Tests" */;
			buildPhases = (
				215941951AAE931900D16C6B /* Sources */,
				215941961AAE931900D16C6B /* Frameworks */,
				215941971AAE931900D16C6B /* Resources */,
			);
			buildRules = (
			);
			dependencies = (
				2159419B1AAE931900D16C6B /* PBXTargetDependency */,
			);
			name = hello2Tests;
			productName = hello2Tests;
			productReference = 215941991AAE931900D16C6B /* hello2Tests.xctest */;
			productType = "com.apple.product-type.bundle.unit-test";
		};
/* End PBXNativeTarget section */

/* Begin PBXProject section */
		215941781AAE931900D16C6B /* Project object */ = {
			isa = PBXProject;
			attributes = {
				LastUpgradeCheck = 0610;
				ORGANIZATIONNAME = rm;
				TargetAttributes = {
					2159417F1AAE931900D16C6B = {
						CreatedOnToolsVersion = 6.1.1;
					};
					215941981AAE931900D16C6B = {
						CreatedOnToolsVersion = 6.1.1;
						TestTargetID = 2159417F1AAE931900D16C6B;
					};
				};
			};
			buildConfigurationList = 2159417B1AAE931900D16C6B /* Build configuration list for PBXProject "hello2" */;
			compatibilityVersion = "Xcode 3.2";
			developmentRegion = English;
			hasScannedForEncodings = 0;
			knownRegions = (
				en,
				Base,
			);
			mainGroup = 215941771AAE931900D16C6B;
			productRefGroup = 215941811AAE931900D16C6B /* Products */;
			projectDirPath = "";
			projectRoot = "";
			targets = (
				2159417F1AAE931900D16C6B /* hello2 */,
				215941981AAE931900D16C6B /* hello2Tests */,
			);
		};
/* End PBXProject section */

/* Begin PBXResourcesBuildPhase section */
		2159417E1AAE931900D16C6B /* Resources */ = {
			isa = PBXResourcesBuildPhase;
			buildActionMask = 2147483647;
			files = (
				2159418F1AAE931900D16C6B /* Main.storyboard in Resources */,
				215941941AAE931900D16C6B /* LaunchScreen.xib in Resources */,
				215941911AAE931900D16C6B /* Images.xcassets in Resources */,
			);
			runOnlyForDeploymentPostprocessing = 0;
		};
		215941971AAE931900D16C6B /* Resources */ = {
			isa = PBXResourcesBuildPhase;
			buildActionMask = 2147483647;
			files = (
			);
			runOnlyForDeploymentPostprocessing = 0;
		};
/* End PBXResourcesBuildPhase section */

/* Begin PBXSourcesBuildPhase section */
		2159417C1AAE931900D16C6B /* Sources */ = {
			isa = PBXSourcesBuildPhase;
			buildActionMask = 2147483647;
			files = (
				2159418C1AAE931900D16C6B /* ViewController.m in Sources */,
				215941891AAE931900D16C6B /* AppDelegate.m in Sources */,
				215941861AAE931900D16C6B /* main.m in Sources */,
			);
			runOnlyForDeploymentPostprocessing = 0;
		};
		215941951AAE931900D16C6B /* Sources */ = {
			isa = PBXSourcesBuildPhase;
			buildActionMask = 2147483647;
			files = (
				215941A01AAE931900D16C6B /* hello2Tests.m in Sources */,
			);
			runOnlyForDeploymentPostprocessing = 0;
		};
/* End PBXSourcesBuildPhase section */

/* Begin PBXTargetDependency section */
		2159419B1AAE931900D16C6B /* PBXTargetDependency */ = {
			isa = PBXTargetDependency;
			target = 2159417F1AAE931900D16C6B /* hello2 */;
			targetProxy = 2159419A1AAE931900D16C6B /* PBXContainerItemProxy */;
		};
/* End PBXTargetDependency section */

/* Begin PBXVariantGroup section */
		2159418D1AAE931900D16C6B /* Main.storyboard */ = {
			isa = PBXVariantGroup;
			children = (
				2159418E1AAE931900D16C6B /* Base */,
			);
			name = Main.storyboard;
			sourceTree = "<group>";
		};
		215941921AAE931900D16C6B /* LaunchScreen.xib */ = {
			isa = PBXVariantGroup;
			children = (
				215941931AAE931900D16C6B /* Base */,
			);
			name = LaunchScreen.xib;
			sourceTree = "<group>";
		};
/* End PBXVariantGroup section */

/* Begin XCBuildConfiguration section */
		215941A11AAE931900D16C6B /* Debug */ = {
			isa = XCBuildConfiguration;
			buildSettings = {
				ALWAYS_SEARCH_USER_PATHS = NO;
				CLANG_CXX_LANGUAGE_STANDARD = "gnu++0x";
				CLANG_CXX_LIBRARY = "libc++";
				CLANG_ENABLE_MODULES = YES;
				CLANG_ENABLE_OBJC_ARC = YES;
				CLANG_WARN_BOOL_CONVERSION = YES;
				CLANG_WARN_CONSTANT_CONVERSION = YES;
				CLANG_WARN_DIRECT_OBJC_ISA_USAGE = YES_ERROR;
				CLANG_WARN_EMPTY_BODY = YES;
				CLANG_WARN_ENUM_CONVERSION = YES;
				CLANG_WARN_INT_CONVERSION = YES;
				CLANG_WARN_OBJC_ROOT_CLASS = YES_ERROR;
				CLANG_WARN_UNREACHABLE_CODE = YES;
				CLANG_WARN__DUPLICATE_METHOD_MATCH = YES;
				"CODE_SIGN_IDENTITY[sdk=iphoneos*]" = "iPhone Developer";
				COPY_PHASE_STRIP = NO;
				ENABLE_STRICT_OBJC_MSGSEND = YES;
				GCC_C_LANGUAGE_STANDARD = gnu99;
				GCC_DYNAMIC_NO_PIC = NO;
				GCC_OPTIMIZATION_LEVEL = 0;
				GCC_PREPROCESSOR_DEFINITIONS = (
					"DEBUG=1",
					"$(inherited)",
				);
				GCC_SYMBOLS_PRIVATE_EXTERN = NO;
				GCC_WARN_64_TO_32_BIT_CONVERSION = YES;
				GCC_WARN_ABOUT_RETURN_TYPE = YES_ERROR;
				GCC_WARN_UNDECLARED_SELECTOR = YES;
				GCC_WARN_UNINITIALIZED_AUTOS = YES_AGGRESSIVE;
				GCC_WARN_UNUSED_FUNCTION = YES;
				GCC_WARN_UNUSED_VARIABLE = YES;
				IPHONEOS_DEPLOYMENT_TARGET = 8.1;
				MTL_ENABLE_DEBUG_INFO = YES;
				ONLY_ACTIVE_ARCH = YES;
				SDKROOT = iphoneos;
			};
			name = Debug;
		};
		215941A21AAE931900D16C6B /* Release */ = {
			isa = XCBuildConfiguration;
			buildSettings = {
				ALWAYS_SEARCH_USER_PATHS = NO;
				CLANG_CXX_LANGUAGE_STANDARD = "gnu++0x";
				CLANG_CXX_LIBRARY = "libc++";
				CLANG_ENABLE_MODULES = YES;
				CLANG_ENABLE_OBJC_ARC = YES;
				CLANG_WARN_BOOL_CONVERSION = YES;
				CLANG_WARN_CONSTANT_CONVERSION = YES;
				CLANG_WARN_DIRECT_OBJC_ISA_USAGE = YES_ERROR;
				CLANG_WARN_EMPTY_BODY = YES;
				CLANG_WARN_ENUM_CONVERSION = YES;
				CLANG_WARN_INT_CONVERSION = YES;
				CLANG_WARN_OBJC_ROOT_CLASS = YES_ERROR;
				CLANG_WARN_UNREACHABLE_CODE = YES;
				CLANG_WARN__DUPLICATE_METHOD_MATCH = YES;
				"CODE_SIGN_IDENTITY[sdk=iphoneos*]" = "iPhone Developer";
				COPY_PHASE_STRIP = YES;
				ENABLE_NS_ASSERTIONS = NO;
				ENABLE_STRICT_OBJC_MSGSEND = YES;
				GCC_C_LANGUAGE_STANDARD = gnu99;
				GCC_WARN_64_TO_32_BIT_CONVERSION = YES;
				GCC_WARN_ABOUT_RETURN_TYPE = YES_ERROR;
				GCC_WARN_UNDECLARED_SELECTOR = YES;
				GCC_WARN_UNINITIALIZED_AUTOS = YES_AGGRESSIVE;
				GCC_WARN_UNUSED_FUNCTION = YES;
				GCC_WARN_UNUSED_VARIABLE = YES;
				IPHONEOS_DEPLOYMENT_TARGET = 8.1;
				MTL_ENABLE_DEBUG_INFO = NO;
				SDKROOT = iphoneos;
				VALIDATE_PRODUCT = YES;
			};
			name = Release;
		};
		215941A41AAE931900D16C6B /* Debug */ = {
			isa = XCBuildConfiguration;
			buildSettings = {
				ASSETCATALOG_COMPILER_APPICON_NAME = AppIcon;
				INFOPLIST_FILE = hello2/Info.plist;
				LD_RUNPATH_SEARCH_PATHS = "$(inherited) @executable_path/Frameworks";
				PRODUCT_NAME = "$(TARGET_NAME)";
			};
			name = Debug;
		};
		215941A51AAE931900D16C6B /* Release */ = {
			isa = XCBuildConfiguration;
			buildSettings = {
				ASSETCATALOG_COMPILER_APPICON_NAME = AppIcon;
				INFOPLIST_FILE = hello2/Info.plist;
				LD_RUNPATH_SEARCH_PATHS = "$(inherited) @executable_path/Frameworks";
				PRODUCT_NAME = "$(TARGET_NAME)";
			};
			name = Release;
		};
		215941A71AAE931900D16C6B /* Debug */ = {
			isa = XCBuildConfiguration;
			buildSettings = {
				BUNDLE_LOADER = "$(TEST_HOST)";
				FRAMEWORK_SEARCH_PATHS = (
					"$(SDKROOT)/Developer/Library/Frameworks",
					"$(inherited)",
				);
				GCC_PREPROCESSOR_DEFINITIONS = (
					"DEBUG=1",
					"$(inherited)",
				);
				INFOPLIST_FILE = hello2Tests/Info.plist;
				LD_RUNPATH_SEARCH_PATHS = "$(inherited) @executable_path/Frameworks @loader_path/Frameworks";
				PRODUCT_NAME = "$(TARGET_NAME)";
				TEST_HOST = "$(BUILT_PRODUCTS_DIR)/hello2.app/hello2";
			};
			name = Debug;
		};
		215941A81AAE931900D16C6B /* Release */ = {
			isa = XCBuildConfiguration;
			buildSettings = {
				BUNDLE_LOADER = "$(TEST_HOST)";
				FRAMEWORK_SEARCH_PATHS = (
					"$(SDKROOT)/Developer/Library/Frameworks",
					"$(inherited)",
				);
				INFOPLIST_FILE = hello2Tests/Info.plist;
				LD_RUNPATH_SEARCH_PATHS = "$(inherited) @executable_path/Frameworks @loader_path/Frameworks";
				PRODUCT_NAME = "$(TARGET_NAME)";
				TEST_HOST = "$(BUILT_PRODUCTS_DIR)/hello2.app/hello2";
			};
			name = Release;
		};
/* End XCBuildConfiguration section */

/* Begin XCConfigurationList section */
		2159417B1AAE931900D16C6B /* Build configuration list for PBXProject "hello2" */ = {
			isa = XCConfigurationList;
			buildConfigurations = (
				215941A11AAE931900D16C6B /* Debug */,
				215941A21AAE931900D16C6B /* Release */,
			);
			defaultConfigurationIsVisible = 0;
			defaultConfigurationName = Release;
		};
		215941A31AAE931900D16C6B /* Build configuration list for PBXNativeTarget "hello2" */ = {
			isa = XCConfigurationList;
			buildConfigurations = (
				215941A41AAE931900D16C6B /* Debug */,
				215941A51AAE931900D16C6B /* Release */,
			);
			defaultConfigurationIsVisible = 0;
		};
		215941A61AAE931900D16C6B /* Build configuration list for PBXNativeTarget "hello2Tests" */ = {
			isa = XCConfigurationList;
			buildConfigurations = (
				215941A71AAE931900D16C6B /* Debug */,
				215941A81AAE931900D16C6B /* Release */,
			);
			defaultConfigurationIsVisible = 0;
		};
/* End XCConfigurationList section */
	};
	rootObject = 215941781AAE931900D16C6B /* Project object */;
}
